#MicroXplorer Configuration settings - do not modify
Mcu.Family=STM32F4
RCC.PLLSourceVirtual=RCC_PLLSOURCE_HSE
ProjectManager.MainLocation=Core/Src
PC15-OSC32_OUT.Mode=LSE-External-Oscillator
PA2.GPIO_PuPd=GPIO_NOPULL
PA6.Mode=Full_Duplex_Master
ProjectManager.ProjectFileName=TMC2130.ioc
PH0-OSC_IN.Signal=RCC_OSC_IN
USART2.IPParameters=VirtualMode,BaudRate
RCC.CortexFreq_Value=72000000
PA7.Mode=Full_Duplex_Master
PA2.GPIO_ModeDefaultPP=GPIO_MODE_AF_OD
ProjectManager.KeepUserCode=true
Mcu.UserName=STM32F407VGTx
Mcu.PinsNb=18
SPI1.VirtualType=VM_MASTER
ProjectManager.NoMain=false
SPI1.IPParameters=VirtualType,Mode,Direction,CalculateBaudRate,BaudRatePrescaler
USART6.IPParameters=VirtualMode,BaudRate
RCC.PLLCLKFreq_Value=72000000
PA9.GPIO_Label=DIR
RCC.PLLQCLKFreq_Value=36000000
PA3.GPIO_PuPd=GPIO_NOPULL
ProjectManager.functionlistsort=1-MX_GPIO_Init-GPIO-false-HAL-true,2-SystemClock_Config-RCC-false-HAL-false,3-MX_USART1_UART_Init-USART1-false-HAL-true,4-MX_TIM2_Init-TIM2-false-HAL-true,5-MX_USART2_UART_Init-USART2-false-HAL-true,6-MX_USART6_UART_Init-USART6-false-HAL-true,7-MX_SPI1_Init-SPI1-false-HAL-true
PA9.GPIOParameters=GPIO_Label
PC4.Signal=GPIO_Output
PC6.Signal=USART6_TX
RCC.RTCFreq_Value=32000
PA3.GPIOParameters=GPIO_ModeDefaultPP,GPIO_PuPd
ProjectManager.DefaultFWLocation=true
ProjectManager.DeletePrevious=true
USART1.IPParameters=VirtualMode
RCC.APB1CLKDivider=RCC_HCLK_DIV2
PC14-OSC32_IN.Signal=RCC_OSC32_IN
PA2.GPIOParameters=GPIO_ModeDefaultPP,GPIO_PuPd
NVIC.USART2_IRQn=true\:0\:0\:false\:false\:true\:true\:true
USART2.BaudRate=115200
PinOutPanel.RotationAngle=0
RCC.FamilyName=M
RCC.SYSCLKSource=RCC_SYSCLKSOURCE_PLLCLK
ProjectManager.StackSize=0x400
PA3.Mode=Asynchronous
Mcu.IP4=TIM2
RCC.FCLKCortexFreq_Value=72000000
Mcu.IP5=USART1
NVIC.SVCall_IRQn=true\:0\:0\:false\:false\:true\:false\:false
Mcu.IP2=SPI1
Mcu.IP3=SYS
Mcu.IP0=NVIC
Mcu.IP1=RCC
PA8.GPIO_Label=STEP
PA3.GPIO_ModeDefaultPP=GPIO_MODE_AF_OD
Mcu.UserConstants=
ProjectManager.TargetToolchain=STM32CubeIDE
Mcu.ThirdPartyNb=0
SPI1.Direction=SPI_DIRECTION_2LINES
PC6.Mode=Half_duplex(single_wire_mode)
RCC.HCLKFreq_Value=72000000
Mcu.IPNb=8
RCC.I2SClocksFreq_Value=192000000
TIM2.IPParameters=Prescaler,Period
ProjectManager.PreviousToolchain=STM32CubeIDE
RCC.APB2TimFreq_Value=72000000
PA9.Signal=GPIO_Output
PB6.Signal=USART1_TX
RCC.VcooutputI2S=192000000
PB6.Mode=Asynchronous
SPI1.CalculateBaudRate=2.25 MBits/s
PA8.GPIOParameters=GPIO_Label
Mcu.Pin6=PA5
Mcu.Pin7=PA6
VP_TIM2_VS_ClockSourceINT.Signal=TIM2_VS_ClockSourceINT
ProjectManager.RegisterCallBack=
Mcu.Pin8=PA7
Mcu.Pin9=PC4
PC15-OSC32_OUT.Signal=RCC_OSC32_OUT
RCC.AHBFreq_Value=72000000
PH0-OSC_IN.Mode=HSE-External-Oscillator
Mcu.Pin0=PC14-OSC32_IN
Mcu.Pin1=PC15-OSC32_OUT
Mcu.Pin2=PH0-OSC_IN
Mcu.Pin3=PH1-OSC_OUT
Mcu.Pin4=PA2
RCC.VCOI2SOutputFreq_Value=384000000
Mcu.Pin5=PA3
PA5.Signal=SPI1_SCK
ProjectManager.ProjectBuild=false
RCC.HSE_VALUE=8000000
NVIC.UsageFault_IRQn=true\:0\:0\:false\:false\:true\:false\:false
NVIC.DebugMonitor_IRQn=true\:0\:0\:false\:false\:true\:false\:false
PA8.Locked=true
board=custom
RCC.VCOOutputFreq_Value=144000000
NVIC.SysTick_IRQn=true\:0\:0\:false\:false\:true\:false\:true
ProjectManager.LastFirmware=true
ProjectManager.FirmwarePackage=STM32Cube FW_F4 V1.26.1
MxDb.Version=DB.6.0.21
RCC.APB2Freq_Value=72000000
ProjectManager.BackupPrevious=false
MxCube.Version=6.2.1
PC14-OSC32_IN.Mode=LSE-External-Oscillator
RCC.VCOInputFreq_Value=2000000
PC4.GPIO_Label=CS_1
VP_TIM2_VS_ClockSourceINT.Mode=Internal
SPI1.Mode=SPI_MODE_MASTER
NVIC.TIM2_IRQn=true\:0\:0\:false\:true\:true\:1\:true\:true
File.Version=6
PA10.GPIO_Label=EN
PA10.GPIOParameters=GPIO_Label
VP_SYS_VS_Systick.Mode=SysTick
RCC.EthernetFreq_Value=72000000
PH1-OSC_OUT.Signal=RCC_OSC_OUT
PA9.Locked=true
PB7.Signal=USART1_RX
PA8.Signal=GPIO_Output
NVIC.NonMaskableInt_IRQn=true\:0\:0\:false\:false\:true\:false\:false
PB6.Locked=true
NVIC.PendSV_IRQn=true\:0\:0\:false\:false\:true\:false\:false
TIM2.Period=720-1
ProjectManager.FreePins=false
RCC.IPParameters=48MHZClocksFreq_Value,AHBFreq_Value,APB1CLKDivider,APB1Freq_Value,APB1TimFreq_Value,APB2Freq_Value,APB2TimFreq_Value,CortexFreq_Value,EthernetFreq_Value,FCLKCortexFreq_Value,FamilyName,HCLKFreq_Value,HSE_VALUE,HSI_VALUE,I2SClocksFreq_Value,LSI_VALUE,MCO2PinFreq_Value,PLLCLKFreq_Value,PLLM,PLLN,PLLQCLKFreq_Value,PLLSourceVirtual,RTCFreq_Value,RTCHSEDivFreq_Value,SYSCLKFreq_VALUE,SYSCLKSource,VCOI2SOutputFreq_Value,VCOInputFreq_Value,VCOOutputFreq_Value,VcooutputI2S
ProjectManager.AskForMigrate=true
Mcu.Name=STM32F407V(E-G)Tx
ProjectManager.HalAssertFull=false
RCC.RTCHSEDivFreq_Value=4000000
PA2.Signal=USART2_TX
ProjectManager.ProjectName=TMC2130
ProjectManager.UnderRoot=true
Mcu.IP6=USART2
Mcu.IP7=USART6
ProjectManager.CoupleFile=true
PH1-OSC_OUT.Mode=HSE-External-Oscillator
RCC.48MHZClocksFreq_Value=36000000
RCC.MCO2PinFreq_Value=72000000
RCC.SYSCLKFreq_VALUE=72000000
Mcu.Package=LQFP100
TIM2.Prescaler=1-1
PA6.Signal=SPI1_MISO
PA10.Locked=true
NVIC.ForceEnableDMAVector=true
KeepUserPlacement=false
USART2.VirtualMode=VM_ASYNC
USART6.VirtualMode=VM_ASYNC
NVIC.MemoryManagement_IRQn=true\:0\:0\:false\:false\:true\:false\:false
USART1.VirtualMode=VM_ASYNC
ProjectManager.CompilerOptimize=6
ProjectManager.ToolChainLocation=
RCC.LSI_VALUE=32000
VP_SYS_VS_Systick.Signal=SYS_VS_Systick
PB7.Mode=Asynchronous
PA10.Signal=GPIO_Output
ProjectManager.HeapSize=0x200
Mcu.Pin15=PB7
NVIC.HardFault_IRQn=true\:0\:0\:false\:false\:true\:false\:false
USART6.BaudRate=19200
Mcu.Pin16=VP_SYS_VS_Systick
Mcu.Pin13=PA10
Mcu.Pin14=PB6
ProjectManager.ComputerToolchain=false
Mcu.Pin17=VP_TIM2_VS_ClockSourceINT
RCC.HSI_VALUE=16000000
NVIC.PriorityGroup=NVIC_PRIORITYGROUP_4
Mcu.Pin11=PA8
Mcu.Pin12=PA9
RCC.PLLM=4
RCC.PLLN=72
Mcu.Pin10=PC6
PB7.Locked=true
RCC.APB1TimFreq_Value=72000000
PA2.Mode=Asynchronous
NVIC.BusFault_IRQn=true\:0\:0\:false\:false\:true\:false\:false
PC4.Locked=true
NVIC.USART1_IRQn=true\:0\:0\:false\:false\:true\:true\:true
RCC.APB1Freq_Value=36000000
SPI1.BaudRatePrescaler=SPI_BAUDRATEPRESCALER_32
ProjectManager.CustomerFirmwarePackage=
PC4.GPIOParameters=GPIO_Label
ProjectManager.DeviceId=STM32F407VGTx
ProjectManager.LibraryCopy=1
PA3.Signal=USART2_RX
PA5.Mode=Full_Duplex_Master
PA7.Signal=SPI1_MOSI
isbadioc=false
